
Microsoft Visual Studio Solution File, Format Version 12.00
# Visual Studio Version 16
VisualStudioVersion = 16.0.29509.3
MinimumVisualStudioVersion = 10.0.40219.1
Project("{FAE04EC0-301F-11D3-BF4B-00C04F79EFBC}") = "MiCafe", "MiCafe\MiCafe.csproj", "{F38FDA13-4018-4900-AF61-3611F4663649}"
EndProject
Global
	GlobalSection(SolutionConfigurationPlatforms) = preSolution
		Debug|Any CPU = Debug|Any CPU
		Release|Any CPU = Release|Any CPU
	EndGlobalSection
	GlobalSection(ProjectConfigurationPlatforms) = postSolution
		{F38FDA13-4018-4900-AF61-3611F4663649}.Debug|Any CPU.ActiveCfg = Debug|Any CPU
		{F38FDA13-4018-4900-AF61-3611F4663649}.Debug|Any CPU.Build.0 = Debug|Any CPU
		{F38FDA13-4018-4900-AF61-3611F4663649}.Release|Any CPU.ActiveCfg = Release|Any CPU
		{F38FDA13-4018-4900-AF61-3611F4663649}.Release|Any CPU.Build.0 = Release|Any CPU
	EndGlobalSection
	GlobalSection(SolutionProperties) = preSolution
		HideSolutionNode = FALSE
	EndGlobalSection
	GlobalSection(ExtensibilityGlobals) = postSolution
		SolutionGuid = {09F7461B-2225-43BB-8785-8028D217C0AC}
	EndGlobalSection
EndGlobal
